PODS:
  - Alamofire (4.7.2)
  - FastModule (0.0.1)

DEPENDENCIES:
  - Alamofire
  - "FastModule (from `git@github.com:IanLuo/FastModule.git`)"

SPEC REPOS:
  https://github.com/cocoapods/specs.git:
    - Alamofire

EXTERNAL SOURCES:
  FastModule:
    :git: "git@github.com:IanLuo/FastModule.git"

CHECKOUT OPTIONS:
  FastModule:
    :commit: 24703d97ebeacd9b95489f085c85b36cfa9fb4c7
    :git: "git@github.com:IanLuo/FastModule.git"

SPEC CHECKSUMS:
  Alamofire: e4fa87002c137ba2d8d634d2c51fabcda0d5c223
  FastModule: 02b49485888287dbb7b246611e28ca006b927776

PODFILE CHECKSUM: bd7b4206286c0dee89b7f3af107da59d29ba2958

COCOAPODS: 1.5.3
